{
    "version": 3,
    "terraform_version": "0.11.14",
    "serial": 2,
    "lineage": "34b0a3f3-529e-7eea-0fd7-acf81e0256e0",
    "modules": [
        {
            "path": [
                "root"
            ],
            "outputs": {
                "ip_address": {
                    "sensitive": false,
                    "type": "string",
                    "value": "172.17.152.161"
                }
            },
            "resources": {
                "data.template_file.static_ip_config": {
                    "type": "template_file",
                    "depends_on": [],
                    "primary": {
                        "id": "dd1828b7f76b174fc9f42a05d451704bd0be04504a12f6d3d9d868b8a2a1fb77",
                        "attributes": {
                            "id": "dd1828b7f76b174fc9f42a05d451704bd0be04504a12f6d3d9d868b8a2a1fb77",
                            "rendered": "network:\n  version: 2\n  ethernets:\n    ens192:\n      dhcp4: no\n      dhcp6: no\n      addresses: [\"172.17.152.161/24\"]\n      gateway4: 172.17.152.254\n      nameservers:\n        addresses: [172.17.152.122]\n",
                            "template": "network:\n  version: 2\n  ethernets:\n    ens192:\n      dhcp4: no\n      dhcp6: no\n      addresses: [\"172.17.152.161/24\"]\n      gateway4: 172.17.152.254\n      nameservers:\n        addresses: [172.17.152.122]\n"
                        },
                        "meta": {},
                        "tainted": false
                    },
                    "deposed": [],
                    "provider": "provider.template"
                },
                "data.template_file.user_data": {
                    "type": "template_file",
                    "depends_on": [
                        "data.template_file.static_ip_config"
                    ],
                    "primary": {
                        "id": "c47954239dcadc7ecad9b0cb0c828451b77a7ea53e2f921a938b6cf6fb5cbcf9",
                        "attributes": {
                            "id": "c47954239dcadc7ecad9b0cb0c828451b77a7ea53e2f921a938b6cf6fb5cbcf9",
                            "rendered": "#cloud-config\napt:\n  primary:\n    - arches: [default]\n      uri: http://us-west1.gce.archive.ubuntu.com/ubuntu/\nwrite_files:\n  - path: /tmp/static-ip.yaml\n    permissions: '0644'\n    encoding: base64\n    content: |\n      bmV0d29yazoKICB2ZXJzaW9uOiAyCiAgZXRoZXJuZXRzOgogICAgZW5zMTkyOgogICAgICBkaGNwNDogbm8KICAgICAgZGhjcDY6IG5vCiAgICAgIGFkZHJlc3NlczogWyIxNzIuMTcuMTUyLjE2MS8yNCJdCiAgICAgIGdhdGV3YXk0OiAxNzIuMTcuMTUyLjI1NAogICAgICBuYW1lc2VydmVyczoKICAgICAgICBhZGRyZXNzZXM6IFsxNzIuMTcuMTUyLjEyMl0K\nruncmd:\n  - /var/lib/gke/guest-startup.sh\n",
                            "template": "#cloud-config\napt:\n  primary:\n    - arches: [default]\n      uri: http://us-west1.gce.archive.ubuntu.com/ubuntu/\nwrite_files:\n  - path: /tmp/static-ip.yaml\n    permissions: '0644'\n    encoding: base64\n    content: |\n      ${static_ip_config}\nruncmd:\n  - /var/lib/gke/guest-startup.sh\n",
                            "vars.%": "1",
                            "vars.static_ip_config": "bmV0d29yazoKICB2ZXJzaW9uOiAyCiAgZXRoZXJuZXRzOgogICAgZW5zMTkyOgogICAgICBkaGNwNDogbm8KICAgICAgZGhjcDY6IG5vCiAgICAgIGFkZHJlc3NlczogWyIxNzIuMTcuMTUyLjE2MS8yNCJdCiAgICAgIGdhdGV3YXk0OiAxNzIuMTcuMTUyLjI1NAogICAgICBuYW1lc2VydmVyczoKICAgICAgICBhZGRyZXNzZXM6IFsxNzIuMTcuMTUyLjEyMl0K"
                        },
                        "meta": {},
                        "tainted": false
                    },
                    "deposed": [],
                    "provider": "provider.template"
                },
                "data.vsphere_compute_cluster.cluster": {
                    "type": "vsphere_compute_cluster",
                    "depends_on": [
                        "data.vsphere_datacenter.dc"
                    ],
                    "primary": {
                        "id": "domain-c72",
                        "attributes": {
                            "datacenter_id": "datacenter-67",
                            "id": "domain-c72",
                            "name": "NOICLD-HX",
                            "resource_pool_id": "resgroup-73"
                        },
                        "meta": {},
                        "tainted": false
                    },
                    "deposed": [],
                    "provider": "provider.vsphere"
                },
                "data.vsphere_datacenter.dc": {
                    "type": "vsphere_datacenter",
                    "depends_on": [],
                    "primary": {
                        "id": "datacenter-67",
                        "attributes": {
                            "id": "datacenter-67",
                            "name": "NOICLD-PRV-DC"
                        },
                        "meta": {},
                        "tainted": false
                    },
                    "deposed": [],
                    "provider": "provider.vsphere"
                },
                "data.vsphere_datastore.datastore": {
                    "type": "vsphere_datastore",
                    "depends_on": [
                        "data.vsphere_datacenter.dc"
                    ],
                    "primary": {
                        "id": "datastore-2382",
                        "attributes": {
                            "datacenter_id": "datacenter-67",
                            "id": "datastore-2382",
                            "name": "Anthos"
                        },
                        "meta": {},
                        "tainted": false
                    },
                    "deposed": [],
                    "provider": "provider.vsphere"
                },
                "data.vsphere_network.network": {
                    "type": "vsphere_network",
                    "depends_on": [
                        "data.vsphere_datacenter.dc"
                    ],
                    "primary": {
                        "id": "network-79",
                        "attributes": {
                            "datacenter_id": "datacenter-67",
                            "id": "network-79",
                            "name": "Storage Controller Management Network",
                            "type": "Network"
                        },
                        "meta": {},
                        "tainted": false
                    },
                    "deposed": [],
                    "provider": "provider.vsphere"
                },
                "data.vsphere_resource_pool.pool": {
                    "type": "vsphere_resource_pool",
                    "depends_on": [
                        "data.vsphere_datacenter.dc"
                    ],
                    "primary": {
                        "id": "resgroup-2682",
                        "attributes": {
                            "datacenter_id": "datacenter-67",
                            "id": "resgroup-2682",
                            "name": "anthos"
                        },
                        "meta": {},
                        "tainted": false
                    },
                    "deposed": [],
                    "provider": "provider.vsphere"
                },
                "data.vsphere_virtual_machine.template_from_ovf": {
                    "type": "vsphere_virtual_machine",
                    "depends_on": [
                        "data.vsphere_datacenter.dc"
                    ],
                    "primary": {
                        "id": "4227a6a9-e913-6425-63e6-9d62f024f222",
                        "attributes": {
                            "alternate_guest_name": "",
                            "datacenter_id": "datacenter-67",
                            "disks.#": "1",
                            "disks.0.eagerly_scrub": "false",
                            "disks.0.size": "20",
                            "disks.0.thin_provisioned": "true",
                            "firmware": "bios",
                            "guest_id": "ubuntu64Guest",
                            "id": "4227a6a9-e913-6425-63e6-9d62f024f222",
                            "name": "gke-on-prem-admin-appliance-vsphere-1.1.2-gke.0",
                            "network_interface_types.#": "1",
                            "network_interface_types.0": "vmxnet3",
                            "scsi_bus_sharing": "noSharing",
                            "scsi_controller_scan_count": "1",
                            "scsi_type": "pvscsi"
                        },
                        "meta": {},
                        "tainted": false
                    },
                    "deposed": [],
                    "provider": "provider.vsphere"
                },
                "vsphere_virtual_machine.vm": {
                    "type": "vsphere_virtual_machine",
                    "depends_on": [
                        "data.template_file.user_data",
                        "data.vsphere_datastore.datastore",
                        "data.vsphere_network.network",
                        "data.vsphere_resource_pool.pool",
                        "data.vsphere_virtual_machine.template_from_ovf"
                    ],
                    "primary": {
                        "id": "422764f2-7491-946b-1993-74dfa97fa63f",
                        "attributes": {
                            "alternate_guest_name": "",
                            "annotation": "",
                            "boot_delay": "0",
                            "boot_retry_delay": "10000",
                            "boot_retry_enabled": "false",
                            "cdrom.#": "1",
                            "cdrom.0.client_device": "true",
                            "cdrom.0.datastore_id": "",
                            "cdrom.0.device_address": "ide:0:0",
                            "cdrom.0.key": "3000",
                            "cdrom.0.path": "",
                            "change_version": "2019-12-23T08:18:17.165098Z",
                            "clone.#": "1",
                            "clone.0.customize.#": "0",
                            "clone.0.linked_clone": "false",
                            "clone.0.template_uuid": "4227a6a9-e913-6425-63e6-9d62f024f222",
                            "clone.0.timeout": "30",
                            "cpu_hot_add_enabled": "false",
                            "cpu_hot_remove_enabled": "false",
                            "cpu_limit": "-1",
                            "cpu_performance_counters_enabled": "false",
                            "cpu_reservation": "0",
                            "cpu_share_count": "4000",
                            "cpu_share_level": "normal",
                            "custom_attributes.%": "0",
                            "datastore_id": "datastore-2382",
                            "default_ip_address": "172.17.152.161",
                            "disk.#": "1",
                            "disk.0.attach": "false",
                            "disk.0.datastore_id": "datastore-2382",
                            "disk.0.device_address": "scsi:0:0",
                            "disk.0.disk_mode": "persistent",
                            "disk.0.disk_sharing": "sharingNone",
                            "disk.0.eagerly_scrub": "false",
                            "disk.0.io_limit": "-1",
                            "disk.0.io_reservation": "0",
                            "disk.0.io_share_count": "1000",
                            "disk.0.io_share_level": "normal",
                            "disk.0.keep_on_remove": "false",
                            "disk.0.key": "2000",
                            "disk.0.label": "disk0",
                            "disk.0.name": "",
                            "disk.0.path": "gkeadminworkstation/gkeadminworkstation.vmdk",
                            "disk.0.size": "50",
                            "disk.0.thin_provisioned": "true",
                            "disk.0.unit_number": "0",
                            "disk.0.uuid": "6000C290-a364-c600-6c6b-6bdcaf8e1dbb",
                            "disk.0.write_through": "false",
                            "efi_secure_boot_enabled": "false",
                            "enable_disk_uuid": "true",
                            "enable_logging": "false",
                            "ept_rvi_mode": "automatic",
                            "extra_config.%": "0",
                            "firmware": "bios",
                            "folder": "",
                            "force_power_off": "true",
                            "guest_id": "ubuntu64Guest",
                            "guest_ip_addresses.#": "2",
                            "guest_ip_addresses.0": "172.17.152.161",
                            "guest_ip_addresses.1": "fe80::250:56ff:fea7:de18",
                            "host_system_id": "host-75",
                            "hv_mode": "hvAuto",
                            "id": "422764f2-7491-946b-1993-74dfa97fa63f",
                            "latency_sensitivity": "normal",
                            "memory": "8192",
                            "memory_hot_add_enabled": "false",
                            "memory_limit": "-1",
                            "memory_reservation": "0",
                            "memory_share_count": "81920",
                            "memory_share_level": "normal",
                            "migrate_wait_timeout": "30",
                            "moid": "vm-3755",
                            "name": "gkeadminworkstation",
                            "nested_hv_enabled": "false",
                            "network_interface.#": "1",
                            "network_interface.0.adapter_type": "vmxnet3",
                            "network_interface.0.bandwidth_limit": "-1",
                            "network_interface.0.bandwidth_reservation": "0",
                            "network_interface.0.bandwidth_share_count": "50",
                            "network_interface.0.bandwidth_share_level": "normal",
                            "network_interface.0.device_address": "pci:0:7",
                            "network_interface.0.key": "4000",
                            "network_interface.0.mac_address": "00:50:56:a7:de:18",
                            "network_interface.0.network_id": "network-79",
                            "network_interface.0.use_static_mac": "false",
                            "num_cores_per_socket": "1",
                            "num_cpus": "4",
                            "reboot_required": "false",
                            "resource_pool_id": "resgroup-2682",
                            "run_tools_scripts_after_power_on": "true",
                            "run_tools_scripts_after_resume": "true",
                            "run_tools_scripts_before_guest_reboot": "false",
                            "run_tools_scripts_before_guest_shutdown": "true",
                            "run_tools_scripts_before_guest_standby": "true",
                            "scsi_bus_sharing": "noSharing",
                            "scsi_controller_count": "1",
                            "scsi_type": "pvscsi",
                            "shutdown_wait_timeout": "3",
                            "swap_placement_policy": "inherit",
                            "sync_time_with_host": "false",
                            "tags.#": "0",
                            "uuid": "422764f2-7491-946b-1993-74dfa97fa63f",
                            "vapp.#": "1",
                            "vapp.0.properties.%": "3",
                            "vapp.0.properties.hostname": "gkeadminworkstation",
                            "vapp.0.properties.public-keys": "ssh-rsa AAAAB3NzaC1yc2EAAAADAQABAAABAQC+xr9xP/4NGno8/18wGyQxkw5rxMg2BljguLxAOTqvzAzhKlC2QWxRPUiGbF90oavKW+S3WQQaCebJIZJHnNqO3eEhzDiwefkSQDix78VumOt1bsVJoeIYNWQ1C0ny0J9IwUJDkFxCml/5zD7ZvBrnTFg2jKcc0oC+qAhyvA3BChkI9Re32l/FSCExdNI8jMwBYC9r2F0MneW/AF88Yfi91W7eZG49TyFow4RpX3aGgsQN46BsRu/hbPa28UAYgU62LaeSCPOVUyfLVGbAqjFLkf12dDMy/l67X2IfUBGo0f+QxmJ1j/4oknOYPCOXkGyd1R+jSPmE14kLD31xUBF/ root@gkeonadmin",
                            "vapp.0.properties.user-data": "I2Nsb3VkLWNvbmZpZwphcHQ6CiAgcHJpbWFyeToKICAgIC0gYXJjaGVzOiBbZGVmYXVsdF0KICAgICAgdXJpOiBodHRwOi8vdXMtd2VzdDEuZ2NlLmFyY2hpdmUudWJ1bnR1LmNvbS91YnVudHUvCndyaXRlX2ZpbGVzOgogIC0gcGF0aDogL3RtcC9zdGF0aWMtaXAueWFtbAogICAgcGVybWlzc2lvbnM6ICcwNjQ0JwogICAgZW5jb2Rpbmc6IGJhc2U2NAogICAgY29udGVudDogfAogICAgICBibVYwZDI5eWF6b0tJQ0IyWlhKemFXOXVPaUF5Q2lBZ1pYUm9aWEp1WlhSek9nb2dJQ0FnWlc1ek1Ua3lPZ29nSUNBZ0lDQmthR053TkRvZ2JtOEtJQ0FnSUNBZ1pHaGpjRFk2SUc1dkNpQWdJQ0FnSUdGa1pISmxjM05sY3pvZ1d5SXhOekl1TVRjdU1UVXlMakUyTVM4eU5DSmRDaUFnSUNBZ0lHZGhkR1YzWVhrME9pQXhOekl1TVRjdU1UVXlMakkxTkFvZ0lDQWdJQ0J1WVcxbGMyVnlkbVZ5Y3pvS0lDQWdJQ0FnSUNCaFpHUnlaWE56WlhNNklGc3hOekl1TVRjdU1UVXlMakV5TWwwSwpydW5jbWQ6CiAgLSAvdmFyL2xpYi9na2UvZ3Vlc3Qtc3RhcnR1cC5zaAo=",
                            "vapp_transport.#": "1",
                            "vapp_transport.0": "com.vmware.guestInfo",
                            "vmware_tools_status": "guestToolsRunning",
                            "vmx_path": "gkeadminworkstation/gkeadminworkstation.vmx",
                            "wait_for_guest_ip_timeout": "0",
                            "wait_for_guest_net_routable": "true",
                            "wait_for_guest_net_timeout": "15"
                        },
                        "meta": {
                            "schema_version": "3"
                        },
                        "tainted": false
                    },
                    "deposed": [],
                    "provider": "provider.vsphere"
                }
            },
            "depends_on": []
        }
    ]
}
